Microsoft Visual Studio Solution File, Format Version 12.00
# Visual Studio Version 17
VisualStudioVersion = 17.5.2.0
MinimumVisualStudioVersion = 10.0.40219.1
Project("{FAE04EC0-301F-11D3-BF4B-00C04F79EFBC}") = "EmployeeAuthAPI", "EmployeeAuthAPI.csproj", "{567D5129-2C20-2D3E-D8E2-CFA4DFBDF50B}"
EndProject
Global
	GlobalSection(SolutionConfigurationPlatforms) = preSolution
		Debug|Any CPU = Debug|Any CPU
		Release|Any CPU = Release|Any CPU
	EndGlobalSection
	GlobalSection(ProjectConfigurationPlatforms) = postSolution
		{567D5129-2C20-2D3E-D8E2-CFA4DFBDF50B}.Debug|Any CPU.ActiveCfg = Debug|Any CPU
		{567D5129-2C20-2D3E-D8E2-CFA4DFBDF50B}.Debug|Any CPU.Build.0 = Debug|Any CPU
		{567D5129-2C20-2D3E-D8E2-CFA4DFBDF50B}.Release|Any CPU.ActiveCfg = Release|Any CPU
		{567D5129-2C20-2D3E-D8E2-CFA4DFBDF50B}.Release|Any CPU.Build.0 = Release|Any CPU
	EndGlobalSection
	GlobalSection(SolutionProperties) = preSolution
		HideSolutionNode = FALSE
	EndGlobalSection
	GlobalSection(ExtensibilityGlobals) = postSolution
		SolutionGuid = {93E6F14A-DE07-4257-8B3B-ECE9F0BA80E1}
	EndGlobalSection
EndGlobal
